// !$*UTF8*$!
{
	archiveVersion = 1;
	classes = {
	};
	objectVersion = 56;
	objects = {

/* Begin PBXBuildFile section */
		FBDA612429028ACC00D91E29 /* WidgetKit.framework in Frameworks */ = {isa = PBXBuildFile; fileRef = FBDA612329028ACB00D91E29 /* WidgetKit.framework */; };
		FBDA612629028ACC00D91E29 /* SwiftUI.framework in Frameworks */ = {isa = PBXBuildFile; fileRef = FBDA612529028ACC00D91E29 /* SwiftUI.framework */; };
		FBDA612929028ACC00D91E29 /* WidgetHero.swift in Sources */ = {isa = PBXBuildFile; fileRef = FBDA612829028ACC00D91E29 /* WidgetHero.swift */; };
		FBDA612C29028ACC00D91E29 /* Assets.xcassets in Resources */ = {isa = PBXBuildFile; fileRef = FBDA612B29028ACC00D91E29 /* Assets.xcassets */; };
		FBDA612E29028ACC00D91E29 /* WidgetHero.intentdefinition in Sources */ = {isa = PBXBuildFile; fileRef = FBDA612A29028ACC00D91E29 /* WidgetHero.intentdefinition */; };
		FBDA612F29028ACC00D91E29 /* WidgetHero.intentdefinition in Sources */ = {isa = PBXBuildFile; fileRef = FBDA612A29028ACC00D91E29 /* WidgetHero.intentdefinition */; };
		FBDA613229028ACC00D91E29 /* WidgetHeroExtension.appex in Embed Foundation Extensions */ = {isa = PBXBuildFile; fileRef = FBDA612129028ACB00D91E29 /* WidgetHeroExtension.appex */; settings = {ATTRIBUTES = (RemoveHeadersOnCopy, ); }; };
		FBDA613729028B6500D91E29 /* HeroView.swift in Sources */ = {isa = PBXBuildFile; fileRef = FBDDFB53290273EF00F015D4 /* HeroView.swift */; };
		FBDA613829028B6D00D91E29 /* CircularImageView.swift in Sources */ = {isa = PBXBuildFile; fileRef = FBDDFB512902728300F015D4 /* CircularImageView.swift */; };
		FBDA613929028B7100D91E29 /* SuperHero.swift in Sources */ = {isa = PBXBuildFile; fileRef = FBDDFB4F2902711D00F015D4 /* SuperHero.swift */; };
		FBDA613A29028D9800D91E29 /* Assets.xcassets in Resources */ = {isa = PBXBuildFile; fileRef = FBDDFB452902708600F015D4 /* Assets.xcassets */; };
		FBDDFB422902708500F015D4 /* HeroWidgetApp.swift in Sources */ = {isa = PBXBuildFile; fileRef = FBDDFB412902708500F015D4 /* HeroWidgetApp.swift */; };
		FBDDFB442902708500F015D4 /* ContentView.swift in Sources */ = {isa = PBXBuildFile; fileRef = FBDDFB432902708500F015D4 /* ContentView.swift */; };
		FBDDFB462902708600F015D4 /* Assets.xcassets in Resources */ = {isa = PBXBuildFile; fileRef = FBDDFB452902708600F015D4 /* Assets.xcassets */; };
		FBDDFB492902708600F015D4 /* Preview Assets.xcassets in Resources */ = {isa = PBXBuildFile; fileRef = FBDDFB482902708600F015D4 /* Preview Assets.xcassets */; };
		FBDDFB502902711D00F015D4 /* SuperHero.swift in Sources */ = {isa = PBXBuildFile; fileRef = FBDDFB4F2902711D00F015D4 /* SuperHero.swift */; };
		FBDDFB522902728300F015D4 /* CircularImageView.swift in Sources */ = {isa = PBXBuildFile; fileRef = FBDDFB512902728300F015D4 /* CircularImageView.swift */; };
		FBDDFB54290273EF00F015D4 /* HeroView.swift in Sources */ = {isa = PBXBuildFile; fileRef = FBDDFB53290273EF00F015D4 /* HeroView.swift */; };
/* End PBXBuildFile section */

/* Begin PBXContainerItemProxy section */
		FBDA613029028ACC00D91E29 /* PBXContainerItemProxy */ = {
			isa = PBXContainerItemProxy;
			containerPortal = FBDDFB362902708500F015D4 /* Project object */;
			proxyType = 1;
			remoteGlobalIDString = FBDA612029028ACB00D91E29;
			remoteInfo = WidgetHeroExtension;
		};
/* End PBXContainerItemProxy section */

/* Begin PBXCopyFilesBuildPhase section */
		FBDA613329028ACC00D91E29 /* Embed Foundation Extensions */ = {
			isa = PBXCopyFilesBuildPhase;
			buildActionMask = 2147483647;
			dstPath = "";
			dstSubfolderSpec = 13;
			files = (
				FBDA613229028ACC00D91E29 /* WidgetHeroExtension.appex in Embed Foundation Extensions */,
			);
			name = "Embed Foundation Extensions";
			runOnlyForDeploymentPostprocessing = 0;
		};
/* End PBXCopyFilesBuildPhase section */

/* Begin PBXFileReference section */
		FBDA612129028ACB00D91E29 /* WidgetHeroExtension.appex */ = {isa = PBXFileReference; explicitFileType = "wrapper.app-extension"; includeInIndex = 0; path = WidgetHeroExtension.appex; sourceTree = BUILT_PRODUCTS_DIR; };
		FBDA612329028ACB00D91E29 /* WidgetKit.framework */ = {isa = PBXFileReference; lastKnownFileType = wrapper.framework; name = WidgetKit.framework; path = System/Library/Frameworks/WidgetKit.framework; sourceTree = SDKROOT; };
		FBDA612529028ACC00D91E29 /* SwiftUI.framework */ = {isa = PBXFileReference; lastKnownFileType = wrapper.framework; name = SwiftUI.framework; path = System/Library/Frameworks/SwiftUI.framework; sourceTree = SDKROOT; };
		FBDA612829028ACC00D91E29 /* WidgetHero.swift */ = {isa = PBXFileReference; lastKnownFileType = sourcecode.swift; path = WidgetHero.swift; sourceTree = "<group>"; };
		FBDA612A29028ACC00D91E29 /* WidgetHero.intentdefinition */ = {isa = PBXFileReference; lastKnownFileType = file.intentdefinition; path = WidgetHero.intentdefinition; sourceTree = "<group>"; };
		FBDA612B29028ACC00D91E29 /* Assets.xcassets */ = {isa = PBXFileReference; lastKnownFileType = folder.assetcatalog; path = Assets.xcassets; sourceTree = "<group>"; };
		FBDA612D29028ACC00D91E29 /* Info.plist */ = {isa = PBXFileReference; lastKnownFileType = text.plist.xml; path = Info.plist; sourceTree = "<group>"; };
		FBDA613B29028DA900D91E29 /* WidgetHeroExtension.entitlements */ = {isa = PBXFileReference; lastKnownFileType = text.plist.entitlements; path = WidgetHeroExtension.entitlements; sourceTree = "<group>"; };
		FBDDFB3E2902708500F015D4 /* HeroWidget.app */ = {isa = PBXFileReference; explicitFileType = wrapper.application; includeInIndex = 0; path = HeroWidget.app; sourceTree = BUILT_PRODUCTS_DIR; };
		FBDDFB412902708500F015D4 /* HeroWidgetApp.swift */ = {isa = PBXFileReference; lastKnownFileType = sourcecode.swift; path = HeroWidgetApp.swift; sourceTree = "<group>"; };
		FBDDFB432902708500F015D4 /* ContentView.swift */ = {isa = PBXFileReference; lastKnownFileType = sourcecode.swift; path = ContentView.swift; sourceTree = "<group>"; };
		FBDDFB452902708600F015D4 /* Assets.xcassets */ = {isa = PBXFileReference; lastKnownFileType = folder.assetcatalog; path = Assets.xcassets; sourceTree = "<group>"; };
		FBDDFB482902708600F015D4 /* Preview Assets.xcassets */ = {isa = PBXFileReference; lastKnownFileType = folder.assetcatalog; path = "Preview Assets.xcassets"; sourceTree = "<group>"; };
		FBDDFB4F2902711D00F015D4 /* SuperHero.swift */ = {isa = PBXFileReference; lastKnownFileType = sourcecode.swift; path = SuperHero.swift; sourceTree = "<group>"; };
		FBDDFB512902728300F015D4 /* CircularImageView.swift */ = {isa = PBXFileReference; lastKnownFileType = sourcecode.swift; path = CircularImageView.swift; sourceTree = "<group>"; };
		FBDDFB53290273EF00F015D4 /* HeroView.swift */ = {isa = PBXFileReference; lastKnownFileType = sourcecode.swift; path = HeroView.swift; sourceTree = "<group>"; };
		FBDDFB552902887D00F015D4 /* HeroWidget.entitlements */ = {isa = PBXFileReference; lastKnownFileType = text.plist.entitlements; path = HeroWidget.entitlements; sourceTree = "<group>"; };
/* End PBXFileReference section */

/* Begin PBXFrameworksBuildPhase section */
		FBDA611E29028ACB00D91E29 /* Frameworks */ = {
			isa = PBXFrameworksBuildPhase;
			buildActionMask = 2147483647;
			files = (
				FBDA612629028ACC00D91E29 /* SwiftUI.framework in Frameworks */,
				FBDA612429028ACC00D91E29 /* WidgetKit.framework in Frameworks */,
			);
			runOnlyForDeploymentPostprocessing = 0;
		};
		FBDDFB3B2902708500F015D4 /* Frameworks */ = {
			isa = PBXFrameworksBuildPhase;
			buildActionMask = 2147483647;
			files = (
			);
			runOnlyForDeploymentPostprocessing = 0;
		};
/* End PBXFrameworksBuildPhase section */

/* Begin PBXGroup section */
		FBDA612229028ACB00D91E29 /* Frameworks */ = {
			isa = PBXGroup;
			children = (
				FBDA612329028ACB00D91E29 /* WidgetKit.framework */,
				FBDA612529028ACC00D91E29 /* SwiftUI.framework */,
			);
			name = Frameworks;
			sourceTree = "<group>";
		};
		FBDA612729028ACC00D91E29 /* WidgetHero */ = {
			isa = PBXGroup;
			children = (
				FBDA612829028ACC00D91E29 /* WidgetHero.swift */,
				FBDA612A29028ACC00D91E29 /* WidgetHero.intentdefinition */,
				FBDA612B29028ACC00D91E29 /* Assets.xcassets */,
				FBDA612D29028ACC00D91E29 /* Info.plist */,
			);
			path = WidgetHero;
			sourceTree = "<group>";
		};
		FBDDFB352902708500F015D4 = {
			isa = PBXGroup;
			children = (
				FBDA613B29028DA900D91E29 /* WidgetHeroExtension.entitlements */,
				FBDDFB402902708500F015D4 /* HeroWidget */,
				FBDA612729028ACC00D91E29 /* WidgetHero */,
				FBDA612229028ACB00D91E29 /* Frameworks */,
				FBDDFB3F2902708500F015D4 /* Products */,
			);
			sourceTree = "<group>";
		};
		FBDDFB3F2902708500F015D4 /* Products */ = {
			isa = PBXGroup;
			children = (
				FBDDFB3E2902708500F015D4 /* HeroWidget.app */,
				FBDA612129028ACB00D91E29 /* WidgetHeroExtension.appex */,
			);
			name = Products;
			sourceTree = "<group>";
		};
		FBDDFB402902708500F015D4 /* HeroWidget */ = {
			isa = PBXGroup;
			children = (
				FBDDFB552902887D00F015D4 /* HeroWidget.entitlements */,
				FBDDFB412902708500F015D4 /* HeroWidgetApp.swift */,
				FBDDFB432902708500F015D4 /* ContentView.swift */,
				FBDDFB452902708600F015D4 /* Assets.xcassets */,
				FBDDFB472902708600F015D4 /* Preview Content */,
				FBDDFB4F2902711D00F015D4 /* SuperHero.swift */,
				FBDDFB512902728300F015D4 /* CircularImageView.swift */,
				FBDDFB53290273EF00F015D4 /* HeroView.swift */,
			);
			path = HeroWidget;
			sourceTree = "<group>";
		};
		FBDDFB472902708600F015D4 /* Preview Content */ = {
			isa = PBXGroup;
			children = (
				FBDDFB482902708600F015D4 /* Preview Assets.xcassets */,
			);
			path = "Preview Content";
			sourceTree = "<group>";
		};
/* End PBXGroup section */

/* Begin PBXNativeTarget section */
		FBDA612029028ACB00D91E29 /* WidgetHeroExtension */ = {
			isa = PBXNativeTarget;
			buildConfigurationList = FBDA613629028ACC00D91E29 /* Build configuration list for PBXNativeTarget "WidgetHeroExtension" */;
			buildPhases = (
				FBDA611D29028ACB00D91E29 /* Sources */,
				FBDA611E29028ACB00D91E29 /* Frameworks */,
				FBDA611F29028ACB00D91E29 /* Resources */,
			);
			buildRules = (
			);
			dependencies = (
			);
			name = WidgetHeroExtension;
			productName = WidgetHeroExtension;
			productReference = FBDA612129028ACB00D91E29 /* WidgetHeroExtension.appex */;
			productType = "com.apple.product-type.app-extension";
		};
		FBDDFB3D2902708500F015D4 /* HeroWidget */ = {
			isa = PBXNativeTarget;
			buildConfigurationList = FBDDFB4C2902708600F015D4 /* Build configuration list for PBXNativeTarget "HeroWidget" */;
			buildPhases = (
				FBDDFB3A2902708500F015D4 /* Sources */,
				FBDDFB3B2902708500F015D4 /* Frameworks */,
				FBDDFB3C2902708500F015D4 /* Resources */,
				FBDA613329028ACC00D91E29 /* Embed Foundation Extensions */,
			);
			buildRules = (
			);
			dependencies = (
				FBDA613129028ACC00D91E29 /* PBXTargetDependency */,
			);
			name = HeroWidget;
			productName = HeroWidget;
			productReference = FBDDFB3E2902708500F015D4 /* HeroWidget.app */;
			productType = "com.apple.product-type.application";
		};
/* End PBXNativeTarget section */

/* Begin PBXProject section */
		FBDDFB362902708500F015D4 /* Project object */ = {
			isa = PBXProject;
			attributes = {
				BuildIndependentTargetsInParallel = 1;
				LastSwiftUpdateCheck = 1400;
				LastUpgradeCheck = 1400;
				TargetAttributes = {
					FBDA612029028ACB00D91E29 = {
						CreatedOnToolsVersion = 14.0;
					};
					FBDDFB3D2902708500F015D4 = {
						CreatedOnToolsVersion = 14.0;
					};
				};
			};
			buildConfigurationList = FBDDFB392902708500F015D4 /* Build configuration list for PBXProject "HeroWidget" */;
			compatibilityVersion = "Xcode 14.0";
			developmentRegion = en;
			hasScannedForEncodings = 0;
			knownRegions = (
				en,
				Base,
			);
			mainGroup = FBDDFB352902708500F015D4;
			productRefGroup = FBDDFB3F2902708500F015D4 /* Products */;
			projectDirPath = "";
			projectRoot = "";
			targets = (
				FBDDFB3D2902708500F015D4 /* HeroWidget */,
				FBDA612029028ACB00D91E29 /* WidgetHeroExtension */,
			);
		};
/* End PBXProject section */

/* Begin PBXResourcesBuildPhase section */
		FBDA611F29028ACB00D91E29 /* Resources */ = {
			isa = PBXResourcesBuildPhase;
			buildActionMask = 2147483647;
			files = (
				FBDA613A29028D9800D91E29 /* Assets.xcassets in Resources */,
				FBDA612C29028ACC00D91E29 /* Assets.xcassets in Resources */,
			);
			runOnlyForDeploymentPostprocessing = 0;
		};
		FBDDFB3C2902708500F015D4 /* Resources */ = {
			isa = PBXResourcesBuildPhase;
			buildActionMask = 2147483647;
			files = (
				FBDDFB492902708600F015D4 /* Preview Assets.xcassets in Resources */,
				FBDDFB462902708600F015D4 /* Assets.xcassets in Resources */,
			);
			runOnlyForDeploymentPostprocessing = 0;
		};
/* End PBXResourcesBuildPhase section */

/* Begin PBXSourcesBuildPhase section */
		FBDA611D29028ACB00D91E29 /* Sources */ = {
			isa = PBXSourcesBuildPhase;
			buildActionMask = 2147483647;
			files = (
				FBDA613929028B7100D91E29 /* SuperHero.swift in Sources */,
				FBDA612E29028ACC00D91E29 /* WidgetHero.intentdefinition in Sources */,
				FBDA613829028B6D00D91E29 /* CircularImageView.swift in Sources */,
				FBDA612929028ACC00D91E29 /* WidgetHero.swift in Sources */,
				FBDA613729028B6500D91E29 /* HeroView.swift in Sources */,
			);
			runOnlyForDeploymentPostprocessing = 0;
		};
		FBDDFB3A2902708500F015D4 /* Sources */ = {
			isa = PBXSourcesBuildPhase;
			buildActionMask = 2147483647;
			files = (
				FBDDFB442902708500F015D4 /* ContentView.swift in Sources */,
				FBDDFB522902728300F015D4 /* CircularImageView.swift in Sources */,
				FBDA612F29028ACC00D91E29 /* WidgetHero.intentdefinition in Sources */,
				FBDDFB422902708500F015D4 /* HeroWidgetApp.swift in Sources */,
				FBDDFB502902711D00F015D4 /* SuperHero.swift in Sources */,
				FBDDFB54290273EF00F015D4 /* HeroView.swift in Sources */,
			);
			runOnlyForDeploymentPostprocessing = 0;
		};
/* End PBXSourcesBuildPhase section */

/* Begin PBXTargetDependency section */
		FBDA613129028ACC00D91E29 /* PBXTargetDependency */ = {
			isa = PBXTargetDependency;
			target = FBDA612029028ACB00D91E29 /* WidgetHeroExtension */;
			targetProxy = FBDA613029028ACC00D91E29 /* PBXContainerItemProxy */;
		};
/* End PBXTargetDependency section */

/* Begin XCBuildConfiguration section */
		FBDA613429028ACC00D91E29 /* Debug */ = {
			isa = XCBuildConfiguration;
			buildSettings = {
				ASSETCATALOG_COMPILER_GLOBAL_ACCENT_COLOR_NAME = AccentColor;
				ASSETCATALOG_COMPILER_WIDGET_BACKGROUND_COLOR_NAME = WidgetBackground;
				CODE_SIGN_ENTITLEMENTS = WidgetHeroExtension.entitlements;
				CODE_SIGN_STYLE = Automatic;
				CURRENT_PROJECT_VERSION = 1;
				DEVELOPMENT_TEAM = GQ3DRVLPT9;
				GENERATE_INFOPLIST_FILE = YES;
				INFOPLIST_FILE = WidgetHero/Info.plist;
				INFOPLIST_KEY_CFBundleDisplayName = WidgetHero;
				INFOPLIST_KEY_NSHumanReadableCopyright = "";
				LD_RUNPATH_SEARCH_PATHS = (
					"$(inherited)",
					"@executable_path/Frameworks",
					"@executable_path/../../Frameworks",
				);
				MARKETING_VERSION = 1.0;
				PRODUCT_BUNDLE_IDENTIFIER = com.fatihfilizol.HeroWidget.WidgetHero;
				PRODUCT_NAME = "$(TARGET_NAME)";
				SKIP_INSTALL = YES;
				SWIFT_EMIT_LOC_STRINGS = YES;
				SWIFT_VERSION = 5.0;
				TARGETED_DEVICE_FAMILY = "1,2";
			};
			name = Debug;
		};
		FBDA613529028ACC00D91E29 /* Release */ = {
			isa = XCBuildConfiguration;
			buildSettings = {
				ASSETCATALOG_COMPILER_GLOBAL_ACCENT_COLOR_NAME = AccentColor;
				ASSETCATALOG_COMPILER_WIDGET_BACKGROUND_COLOR_NAME = WidgetBackground;
				CODE_SIGN_ENTITLEMENTS = WidgetHeroExtension.entitlements;
				CODE_SIGN_STYLE = Automatic;
				CURRENT_PROJECT_VERSION = 1;
				DEVELOPMENT_TEAM = GQ3DRVLPT9;
				GENERATE_INFOPLIST_FILE = YES;
				INFOPLIST_FILE = WidgetHero/Info.plist;
				INFOPLIST_KEY_CFBundleDisplayName = WidgetHero;
				INFOPLIST_KEY_NSHumanReadableCopyright = "";
				LD_RUNPATH_SEARCH_PATHS = (
					"$(inherited)",
					"@executable_path/Frameworks",
					"@executable_path/../../Frameworks",
				);
				MARKETING_VERSION = 1.0;
				PRODUCT_BUNDLE_IDENTIFIER = com.fatihfilizol.HeroWidget.WidgetHero;
				PRODUCT_NAME = "$(TARGET_NAME)";
				SKIP_INSTALL = YES;
				SWIFT_EMIT_LOC_STRINGS = YES;
				SWIFT_VERSION = 5.0;
				TARGETED_DEVICE_FAMILY = "1,2";
			};
			name = Release;
		};
		FBDDFB4A2902708600F015D4 /* Debug */ = {
			isa = XCBuildConfiguration;
			buildSettings = {
				ALWAYS_SEARCH_USER_PATHS = NO;
				CLANG_ANALYZER_NONNULL = YES;
				CLANG_ANALYZER_NUMBER_OBJECT_CONVERSION = YES_AGGRESSIVE;
				CLANG_CXX_LANGUAGE_STANDARD = "gnu++20";
				CLANG_ENABLE_MODULES = YES;
				CLANG_ENABLE_OBJC_ARC = YES;
				CLANG_ENABLE_OBJC_WEAK = YES;
				CLANG_WARN_BLOCK_CAPTURE_AUTORELEASING = YES;
				CLANG_WARN_BOOL_CONVERSION = YES;
				CLANG_WARN_COMMA = YES;
				CLANG_WARN_CONSTANT_CONVERSION = YES;
				CLANG_WARN_DEPRECATED_OBJC_IMPLEMENTATIONS = YES;
				CLANG_WARN_DIRECT_OBJC_ISA_USAGE = YES_ERROR;
				CLANG_WARN_DOCUMENTATION_COMMENTS = YES;
				CLANG_WARN_EMPTY_BODY = YES;
				CLANG_WARN_ENUM_CONVERSION = YES;
				CLANG_WARN_INFINITE_RECURSION = YES;
				CLANG_WARN_INT_CONVERSION = YES;
				CLANG_WARN_NON_LITERAL_NULL_CONVERSION = YES;
				CLANG_WARN_OBJC_IMPLICIT_RETAIN_SELF = YES;
				CLANG_WARN_OBJC_LITERAL_CONVERSION = YES;
				CLANG_WARN_OBJC_ROOT_CLASS = YES_ERROR;
				CLANG_WARN_QUOTED_INCLUDE_IN_FRAMEWORK_HEADER = YES;
				CLANG_WARN_RANGE_LOOP_ANALYSIS = YES;
				CLANG_WARN_STRICT_PROTOTYPES = YES;
				CLANG_WARN_SUSPICIOUS_MOVE = YES;
				CLANG_WARN_UNGUARDED_AVAILABILITY = YES_AGGRESSIVE;
				CLANG_WARN_UNREACHABLE_CODE = YES;
				CLANG_WARN__DUPLICATE_METHOD_MATCH = YES;
				COPY_PHASE_STRIP = NO;
				DEBUG_INFORMATION_FORMAT = dwarf;
				ENABLE_STRICT_OBJC_MSGSEND = YES;
				ENABLE_TESTABILITY = YES;
				GCC_C_LANGUAGE_STANDARD = gnu11;
				GCC_DYNAMIC_NO_PIC = NO;
				GCC_NO_COMMON_BLOCKS = YES;
				GCC_OPTIMIZATION_LEVEL = 0;
				GCC_PREPROCESSOR_DEFINITIONS = (
					"DEBUG=1",
					"$(inherited)",
				);
				GCC_WARN_64_TO_32_BIT_CONVERSION = YES;
				GCC_WARN_ABOUT_RETURN_TYPE = YES_ERROR;
				GCC_WARN_UNDECLARED_SELECTOR = YES;
				GCC_WARN_UNINITIALIZED_AUTOS = YES_AGGRESSIVE;
				GCC_WARN_UNUSED_FUNCTION = YES;
				GCC_WARN_UNUSED_VARIABLE = YES;
				IPHONEOS_DEPLOYMENT_TARGET = 16.0;
				MTL_ENABLE_DEBUG_INFO = INCLUDE_SOURCE;
				MTL_FAST_MATH = YES;
				ONLY_ACTIVE_ARCH = YES;
				SDKROOT = iphoneos;
				SWIFT_ACTIVE_COMPILATION_CONDITIONS = DEBUG;
				SWIFT_OPTIMIZATION_LEVEL = "-Onone";
			};
			name = Debug;
		};
		FBDDFB4B2902708600F015D4 /* Release */ = {
			isa = XCBuildConfiguration;
			buildSettings = {
				ALWAYS_SEARCH_USER_PATHS = NO;
				CLANG_ANALYZER_NONNULL = YES;
				CLANG_ANALYZER_NUMBER_OBJECT_CONVERSION = YES_AGGRESSIVE;
				CLANG_CXX_LANGUAGE_STANDARD = "gnu++20";
				CLANG_ENABLE_MODULES = YES;
				CLANG_ENABLE_OBJC_ARC = YES;
				CLANG_ENABLE_OBJC_WEAK = YES;
				CLANG_WARN_BLOCK_CAPTURE_AUTORELEASING = YES;
				CLANG_WARN_BOOL_CONVERSION = YES;
				CLANG_WARN_COMMA = YES;
				CLANG_WARN_CONSTANT_CONVERSION = YES;
				CLANG_WARN_DEPRECATED_OBJC_IMPLEMENTATIONS = YES;
				CLANG_WARN_DIRECT_OBJC_ISA_USAGE = YES_ERROR;
				CLANG_WARN_DOCUMENTATION_COMMENTS = YES;
				CLANG_WARN_EMPTY_BODY = YES;
				CLANG_WARN_ENUM_CONVERSION = YES;
				CLANG_WARN_INFINITE_RECURSION = YES;
				CLANG_WARN_INT_CONVERSION = YES;
				CLANG_WARN_NON_LITERAL_NULL_CONVERSION = YES;
				CLANG_WARN_OBJC_IMPLICIT_RETAIN_SELF = YES;
				CLANG_WARN_OBJC_LITERAL_CONVERSION = YES;
				CLANG_WARN_OBJC_ROOT_CLASS = YES_ERROR;
				CLANG_WARN_QUOTED_INCLUDE_IN_FRAMEWORK_HEADER = YES;
				CLANG_WARN_RANGE_LOOP_ANALYSIS = YES;
				CLANG_WARN_STRICT_PROTOTYPES = YES;
				CLANG_WARN_SUSPICIOUS_MOVE = YES;
				CLANG_WARN_UNGUARDED_AVAILABILITY = YES_AGGRESSIVE;
				CLANG_WARN_UNREACHABLE_CODE = YES;
				CLANG_WARN__DUPLICATE_METHOD_MATCH = YES;
				COPY_PHASE_STRIP = NO;
				DEBUG_INFORMATION_FORMAT = "dwarf-with-dsym";
				ENABLE_NS_ASSERTIONS = NO;
				ENABLE_STRICT_OBJC_MSGSEND = YES;
				GCC_C_LANGUAGE_STANDARD = gnu11;
				GCC_NO_COMMON_BLOCKS = YES;
				GCC_WARN_64_TO_32_BIT_CONVERSION = YES;
				GCC_WARN_ABOUT_RETURN_TYPE = YES_ERROR;
				GCC_WARN_UNDECLARED_SELECTOR = YES;
				GCC_WARN_UNINITIALIZED_AUTOS = YES_AGGRESSIVE;
				GCC_WARN_UNUSED_FUNCTION = YES;
				GCC_WARN_UNUSED_VARIABLE = YES;
				IPHONEOS_DEPLOYMENT_TARGET = 16.0;
				MTL_ENABLE_DEBUG_INFO = NO;
				MTL_FAST_MATH = YES;
				SDKROOT = iphoneos;
				SWIFT_COMPILATION_MODE = wholemodule;
				SWIFT_OPTIMIZATION_LEVEL = "-O";
				VALIDATE_PRODUCT = YES;
			};
			name = Release;
		};
		FBDDFB4D2902708600F015D4 /* Debug */ = {
			isa = XCBuildConfiguration;
			buildSettings = {
				ALWAYS_EMBED_SWIFT_STANDARD_LIBRARIES = YES;
				ASSETCATALOG_COMPILER_APPICON_NAME = AppIcon;
				ASSETCATALOG_COMPILER_GLOBAL_ACCENT_COLOR_NAME = AccentColor;
				CODE_SIGN_ENTITLEMENTS = HeroWidget/HeroWidget.entitlements;
				CODE_SIGN_STYLE = Automatic;
				CURRENT_PROJECT_VERSION = 1;
				DEVELOPMENT_ASSET_PATHS = "\"HeroWidget/Preview Content\"";
				DEVELOPMENT_TEAM = GQ3DRVLPT9;
				ENABLE_PREVIEWS = YES;
				GENERATE_INFOPLIST_FILE = YES;
				INFOPLIST_KEY_UIApplicationSceneManifest_Generation = YES;
				INFOPLIST_KEY_UIApplicationSupportsIndirectInputEvents = YES;
				INFOPLIST_KEY_UILaunchScreen_Generation = YES;
				INFOPLIST_KEY_UISupportedInterfaceOrientations_iPad = "UIInterfaceOrientationPortrait UIInterfaceOrientationPortraitUpsideDown UIInterfaceOrientationLandscapeLeft UIInterfaceOrientationLandscapeRight";
				INFOPLIST_KEY_UISupportedInterfaceOrientations_iPhone = "UIInterfaceOrientationPortrait UIInterfaceOrientationLandscapeLeft UIInterfaceOrientationLandscapeRight";
				LD_RUNPATH_SEARCH_PATHS = (
					"$(inherited)",
					"@executable_path/Frameworks",
				);
				MARKETING_VERSION = 1.0;
				PRODUCT_BUNDLE_IDENTIFIER = com.fatihfilizol.HeroWidget;
				PRODUCT_NAME = "$(TARGET_NAME)";
				SWIFT_EMIT_LOC_STRINGS = YES;
				SWIFT_VERSION = 5.0;
				TARGETED_DEVICE_FAMILY = "1,2";
			};
			name = Debug;
		};
		FBDDFB4E2902708600F015D4 /* Release */ = {
			isa = XCBuildConfiguration;
			buildSettings = {
				ALWAYS_EMBED_SWIFT_STANDARD_LIBRARIES = YES;
				ASSETCATALOG_COMPILER_APPICON_NAME = AppIcon;
				ASSETCATALOG_COMPILER_GLOBAL_ACCENT_COLOR_NAME = AccentColor;
				CODE_SIGN_ENTITLEMENTS = HeroWidget/HeroWidget.entitlements;
				CODE_SIGN_STYLE = Automatic;
				CURRENT_PROJECT_VERSION = 1;
				DEVELOPMENT_ASSET_PATHS = "\"HeroWidget/Preview Content\"";
				DEVELOPMENT_TEAM = GQ3DRVLPT9;
				ENABLE_PREVIEWS = YES;
				GENERATE_INFOPLIST_FILE = YES;
				INFOPLIST_KEY_UIApplicationSceneManifest_Generation = YES;
				INFOPLIST_KEY_UIApplicationSupportsIndirectInputEvents = YES;
				INFOPLIST_KEY_UILaunchScreen_Generation = YES;
				INFOPLIST_KEY_UISupportedInterfaceOrientations_iPad = "UIInterfaceOrientationPortrait UIInterfaceOrientationPortraitUpsideDown UIInterfaceOrientationLandscapeLeft UIInterfaceOrientationLandscapeRight";
				INFOPLIST_KEY_UISupportedInterfaceOrientations_iPhone = "UIInterfaceOrientationPortrait UIInterfaceOrientationLandscapeLeft UIInterfaceOrientationLandscapeRight";
				LD_RUNPATH_SEARCH_PATHS = (
					"$(inherited)",
					"@executable_path/Frameworks",
				);
				MARKETING_VERSION = 1.0;
				PRODUCT_BUNDLE_IDENTIFIER = com.fatihfilizol.HeroWidget;
				PRODUCT_NAME = "$(TARGET_NAME)";
				SWIFT_EMIT_LOC_STRINGS = YES;
				SWIFT_VERSION = 5.0;
				TARGETED_DEVICE_FAMILY = "1,2";
			};
			name = Release;
		};
/* End XCBuildConfiguration section */

/* Begin XCConfigurationList section */
		FBDA613629028ACC00D91E29 /* Build configuration list for PBXNativeTarget "WidgetHeroExtension" */ = {
			isa = XCConfigurationList;
			buildConfigurations = (
				FBDA613429028ACC00D91E29 /* Debug */,
				FBDA613529028ACC00D91E29 /* Release */,
			);
			defaultConfigurationIsVisible = 0;
			defaultConfigurationName = Release;
		};
		FBDDFB392902708500F015D4 /* Build configuration list for PBXProject "HeroWidget" */ = {
			isa = XCConfigurationList;
			buildConfigurations = (
				FBDDFB4A2902708600F015D4 /* Debug */,
				FBDDFB4B2902708600F015D4 /* Release */,
			);
			defaultConfigurationIsVisible = 0;
			defaultConfigurationName = Release;
		};
		FBDDFB4C2902708600F015D4 /* Build configuration list for PBXNativeTarget "HeroWidget" */ = {
			isa = XCConfigurationList;
			buildConfigurations = (
				FBDDFB4D2902708600F015D4 /* Debug */,
				FBDDFB4E2902708600F015D4 /* Release */,
			);
			defaultConfigurationIsVisible = 0;
			defaultConfigurationName = Release;
		};
/* End XCConfigurationList section */
	};
	rootObject = FBDDFB362902708500F015D4 /* Project object */;
}
